
Microsoft Visual Studio Solution File, Format Version 12.00
# Visual Studio Version 17
VisualStudioVersion = 17.4.33213.308
MinimumVisualStudioVersion = 10.0.40219.1
Project("{FAE04EC0-301F-11D3-BF4B-00C04F79EFBC}") = "IBM_HashUrl", "IBM_HashUrl.csproj", "{C49E9A76-C7A5-4E9D-989F-65367C0D6133}"
EndProject
Global
	GlobalSection(SolutionConfigurationPlatforms) = preSolution
		Debug|Any CPU = Debug|Any CPU
		Release|Any CPU = Release|Any CPU
	EndGlobalSection
	GlobalSection(ProjectConfigurationPlatforms) = postSolution
		{C49E9A76-C7A5-4E9D-989F-65367C0D6133}.Debug|Any CPU.ActiveCfg = Debug|Any CPU
		{C49E9A76-C7A5-4E9D-989F-65367C0D6133}.Debug|Any CPU.Build.0 = Debug|Any CPU
		{C49E9A76-C7A5-4E9D-989F-65367C0D6133}.Release|Any CPU.ActiveCfg = Release|Any CPU
		{C49E9A76-C7A5-4E9D-989F-65367C0D6133}.Release|Any CPU.Build.0 = Release|Any CPU
	EndGlobalSection
	GlobalSection(SolutionProperties) = preSolution
		HideSolutionNode = FALSE
	EndGlobalSection
	GlobalSection(ExtensibilityGlobals) = postSolution
		SolutionGuid = {B9A007A6-ECDA-4082-AB0E-20B1BC875F4D}
	EndGlobalSection
EndGlobal
